
Microsoft Visual Studio Solution File, Format Version 12.00
# Visual Studio 15
VisualStudioVersion = 15.0.28307.421
MinimumVisualStudioVersion = 10.0.40219.1
Project("{9A19103F-16F7-4668-BE54-9A1E7A4F7556}") = "InMemoryCache", "InMemoryCache\InMemoryCache.csproj", "{996FB8BB-EDA7-42FA-AA86-5BEF5391DA19}"
EndProject
Project("{9A19103F-16F7-4668-BE54-9A1E7A4F7556}") = "InMemoryCacheTest", "InMemoryCacheTest\InMemoryCacheTest.csproj", "{53E65CBF-3E26-4D60-A07F-A5F45BBB2085}"
EndProject
Project("{FAE04EC0-301F-11D3-BF4B-00C04F79EFBC}") = "InMemoryCache.API", "InMemoryCache.API\InMemoryCache.API.csproj", "{CA998520-FD8F-4E74-88F0-323D7CC15DC4}"
EndProject
Global
	GlobalSection(SolutionConfigurationPlatforms) = preSolution
		Debug|Any CPU = Debug|Any CPU
		Release|Any CPU = Release|Any CPU
	EndGlobalSection
	GlobalSection(ProjectConfigurationPlatforms) = postSolution
		{996FB8BB-EDA7-42FA-AA86-5BEF5391DA19}.Debug|Any CPU.ActiveCfg = Debug|Any CPU
		{996FB8BB-EDA7-42FA-AA86-5BEF5391DA19}.Debug|Any CPU.Build.0 = Debug|Any CPU
		{996FB8BB-EDA7-42FA-AA86-5BEF5391DA19}.Release|Any CPU.ActiveCfg = Release|Any CPU
		{996FB8BB-EDA7-42FA-AA86-5BEF5391DA19}.Release|Any CPU.Build.0 = Release|Any CPU
		{53E65CBF-3E26-4D60-A07F-A5F45BBB2085}.Debug|Any CPU.ActiveCfg = Debug|Any CPU
		{53E65CBF-3E26-4D60-A07F-A5F45BBB2085}.Debug|Any CPU.Build.0 = Debug|Any CPU
		{53E65CBF-3E26-4D60-A07F-A5F45BBB2085}.Release|Any CPU.ActiveCfg = Release|Any CPU
		{53E65CBF-3E26-4D60-A07F-A5F45BBB2085}.Release|Any CPU.Build.0 = Release|Any CPU
		{CA998520-FD8F-4E74-88F0-323D7CC15DC4}.Debug|Any CPU.ActiveCfg = Debug|Any CPU
		{CA998520-FD8F-4E74-88F0-323D7CC15DC4}.Debug|Any CPU.Build.0 = Debug|Any CPU
		{CA998520-FD8F-4E74-88F0-323D7CC15DC4}.Release|Any CPU.ActiveCfg = Release|Any CPU
		{CA998520-FD8F-4E74-88F0-323D7CC15DC4}.Release|Any CPU.Build.0 = Release|Any CPU
	EndGlobalSection
	GlobalSection(SolutionProperties) = preSolution
		HideSolutionNode = FALSE
	EndGlobalSection
	GlobalSection(ExtensibilityGlobals) = postSolution
		SolutionGuid = {F226F028-CD72-4AE4-9500-885AC698FF15}
	EndGlobalSection
EndGlobal
